// !$*UTF8*$!
{
	archiveVersion = 1;
	classes = {
	};
	objectVersion = 46;
	objects = {

/* Begin PBXBuildFile section */
		4E44AA751D756A6F0019B95A /* main.m in Sources */ = {isa = PBXBuildFile; fileRef = 4E44AA741D756A6F0019B95A /* main.m */; };
		4E44AA781D756A6F0019B95A /* AppDelegate.m in Sources */ = {isa = PBXBuildFile; fileRef = 4E44AA771D756A6F0019B95A /* AppDelegate.m */; };
		4E44AA7B1D756A6F0019B95A /* ViewController.m in Sources */ = {isa = PBXBuildFile; fileRef = 4E44AA7A1D756A6F0019B95A /* ViewController.m */; };
		4E44AA7E1D756A6F0019B95A /* Main.storyboard in Resources */ = {isa = PBXBuildFile; fileRef = 4E44AA7C1D756A6F0019B95A /* Main.storyboard */; };
		4E44AA811D756A6F0019B95A /* Digital_Jeevi.xcdatamodeld in Sources */ = {isa = PBXBuildFile; fileRef = 4E44AA7F1D756A6F0019B95A /* Digital_Jeevi.xcdatamodeld */; };
		4E44AA831D756A6F0019B95A /* Assets.xcassets in Resources */ = {isa = PBXBuildFile; fileRef = 4E44AA821D756A6F0019B95A /* Assets.xcassets */; };
		4E44AA861D756A6F0019B95A /* LaunchScreen.storyboard in Resources */ = {isa = PBXBuildFile; fileRef = 4E44AA841D756A6F0019B95A /* LaunchScreen.storyboard */; };
		4E44AA911D756A6F0019B95A /* Digital_JeeviTests.m in Sources */ = {isa = PBXBuildFile; fileRef = 4E44AA901D756A6F0019B95A /* Digital_JeeviTests.m */; };
		4E44AA9C1D756A6F0019B95A /* Digital_JeeviUITests.m in Sources */ = {isa = PBXBuildFile; fileRef = 4E44AA9B1D756A6F0019B95A /* Digital_JeeviUITests.m */; };
/* End PBXBuildFile section */

/* Begin PBXContainerItemProxy section */
		4E44AA8D1D756A6F0019B95A /* PBXContainerItemProxy */ = {
			isa = PBXContainerItemProxy;
			containerPortal = 4E44AA681D756A6F0019B95A /* Project object */;
			proxyType = 1;
			remoteGlobalIDString = 4E44AA6F1D756A6F0019B95A;
			remoteInfo = "Digital Jeevi";
		};
		4E44AA981D756A6F0019B95A /* PBXContainerItemProxy */ = {
			isa = PBXContainerItemProxy;
			containerPortal = 4E44AA681D756A6F0019B95A /* Project object */;
			proxyType = 1;
			remoteGlobalIDString = 4E44AA6F1D756A6F0019B95A;
			remoteInfo = "Digital Jeevi";
		};
/* End PBXContainerItemProxy section */

/* Begin PBXFileReference section */
		4E44AA701D756A6F0019B95A /* Digital Jeevi.app */ = {isa = PBXFileReference; explicitFileType = wrapper.application; includeInIndex = 0; path = "Digital Jeevi.app"; sourceTree = BUILT_PRODUCTS_DIR; };
		4E44AA741D756A6F0019B95A /* main.m */ = {isa = PBXFileReference; lastKnownFileType = sourcecode.c.objc; path = main.m; sourceTree = "<group>"; };
		4E44AA761D756A6F0019B95A /* AppDelegate.h */ = {isa = PBXFileReference; lastKnownFileType = sourcecode.c.h; path = AppDelegate.h; sourceTree = "<group>"; };
		4E44AA771D756A6F0019B95A /* AppDelegate.m */ = {isa = PBXFileReference; lastKnownFileType = sourcecode.c.objc; path = AppDelegate.m; sourceTree = "<group>"; };
		4E44AA791D756A6F0019B95A /* ViewController.h */ = {isa = PBXFileReference; lastKnownFileType = sourcecode.c.h; path = ViewController.h; sourceTree = "<group>"; };
		4E44AA7A1D756A6F0019B95A /* ViewController.m */ = {isa = PBXFileReference; lastKnownFileType = sourcecode.c.objc; path = ViewController.m; sourceTree = "<group>"; };
		4E44AA7D1D756A6F0019B95A /* Base */ = {isa = PBXFileReference; lastKnownFileType = file.storyboard; name = Base; path = Base.lproj/Main.storyboard; sourceTree = "<group>"; };
		4E44AA801D756A6F0019B95A /* Digital_Jeevi.xcdatamodel */ = {isa = PBXFileReference; lastKnownFileType = wrapper.xcdatamodel; path = Digital_Jeevi.xcdatamodel; sourceTree = "<group>"; };
		4E44AA821D756A6F0019B95A /* Assets.xcassets */ = {isa = PBXFileReference; lastKnownFileType = folder.assetcatalog; path = Assets.xcassets; sourceTree = "<group>"; };
		4E44AA851D756A6F0019B95A /* Base */ = {isa = PBXFileReference; lastKnownFileType = file.storyboard; name = Base; path = Base.lproj/LaunchScreen.storyboard; sourceTree = "<group>"; };
		4E44AA871D756A6F0019B95A /* Info.plist */ = {isa = PBXFileReference; lastKnownFileType = text.plist.xml; path = Info.plist; sourceTree = "<group>"; };
		4E44AA8C1D756A6F0019B95A /* Digital JeeviTests.xctest */ = {isa = PBXFileReference; explicitFileType = wrapper.cfbundle; includeInIndex = 0; path = "Digital JeeviTests.xctest"; sourceTree = BUILT_PRODUCTS_DIR; };
		4E44AA901D756A6F0019B95A /* Digital_JeeviTests.m */ = {isa = PBXFileReference; lastKnownFileType = sourcecode.c.objc; path = Digital_JeeviTests.m; sourceTree = "<group>"; };
		4E44AA921D756A6F0019B95A /* Info.plist */ = {isa = PBXFileReference; lastKnownFileType = text.plist.xml; path = Info.plist; sourceTree = "<group>"; };
		4E44AA971D756A6F0019B95A /* Digital JeeviUITests.xctest */ = {isa = PBXFileReference; explicitFileType = wrapper.cfbundle; includeInIndex = 0; path = "Digital JeeviUITests.xctest"; sourceTree = BUILT_PRODUCTS_DIR; };
		4E44AA9B1D756A6F0019B95A /* Digital_JeeviUITests.m */ = {isa = PBXFileReference; lastKnownFileType = sourcecode.c.objc; path = Digital_JeeviUITests.m; sourceTree = "<group>"; };
		4E44AA9D1D756A6F0019B95A /* Info.plist */ = {isa = PBXFileReference; lastKnownFileType = text.plist.xml; path = Info.plist; sourceTree = "<group>"; };
/* End PBXFileReference section */

/* Begin PBXFrameworksBuildPhase section */
		4E44AA6D1D756A6F0019B95A /* Frameworks */ = {
			isa = PBXFrameworksBuildPhase;
			buildActionMask = 2147483647;
			files = (
			);
			runOnlyForDeploymentPostprocessing = 0;
		};
		4E44AA891D756A6F0019B95A /* Frameworks */ = {
			isa = PBXFrameworksBuildPhase;
			buildActionMask = 2147483647;
			files = (
			);
			runOnlyForDeploymentPostprocessing = 0;
		};
		4E44AA941D756A6F0019B95A /* Frameworks */ = {
			isa = PBXFrameworksBuildPhase;
			buildActionMask = 2147483647;
			files = (
			);
			runOnlyForDeploymentPostprocessing = 0;
		};
/* End PBXFrameworksBuildPhase section */

/* Begin PBXGroup section */
		4E44AA671D756A6F0019B95A = {
			isa = PBXGroup;
			children = (
				4E44AA721D756A6F0019B95A /* Digital Jeevi */,
				4E44AA8F1D756A6F0019B95A /* Digital JeeviTests */,
				4E44AA9A1D756A6F0019B95A /* Digital JeeviUITests */,
				4E44AA711D756A6F0019B95A /* Products */,
			);
			sourceTree = "<group>";
		};
		4E44AA711D756A6F0019B95A /* Products */ = {
			isa = PBXGroup;
			children = (
				4E44AA701D756A6F0019B95A /* Digital Jeevi.app */,
				4E44AA8C1D756A6F0019B95A /* Digital JeeviTests.xctest */,
				4E44AA971D756A6F0019B95A /* Digital JeeviUITests.xctest */,
			);
			name = Products;
			sourceTree = "<group>";
		};
		4E44AA721D756A6F0019B95A /* Digital Jeevi */ = {
			isa = PBXGroup;
			children = (
				4E44AA761D756A6F0019B95A /* AppDelegate.h */,
				4E44AA771D756A6F0019B95A /* AppDelegate.m */,
				4E44AA791D756A6F0019B95A /* ViewController.h */,
				4E44AA7A1D756A6F0019B95A /* ViewController.m */,
				4E44AA7C1D756A6F0019B95A /* Main.storyboard */,
				4E44AA821D756A6F0019B95A /* Assets.xcassets */,
				4E44AA841D756A6F0019B95A /* LaunchScreen.storyboard */,
				4E44AA871D756A6F0019B95A /* Info.plist */,
				4E44AA7F1D756A6F0019B95A /* Digital_Jeevi.xcdatamodeld */,
				4E44AA731D756A6F0019B95A /* Supporting Files */,
			);
			path = "Digital Jeevi";
			sourceTree = "<group>";
		};
		4E44AA731D756A6F0019B95A /* Supporting Files */ = {
			isa = PBXGroup;
			children = (
				4E44AA741D756A6F0019B95A /* main.m */,
			);
			name = "Supporting Files";
			sourceTree = "<group>";
		};
		4E44AA8F1D756A6F0019B95A /* Digital JeeviTests */ = {
			isa = PBXGroup;
			children = (
				4E44AA901D756A6F0019B95A /* Digital_JeeviTests.m */,
				4E44AA921D756A6F0019B95A /* Info.plist */,
			);
			path = "Digital JeeviTests";
			sourceTree = "<group>";
		};
		4E44AA9A1D756A6F0019B95A /* Digital JeeviUITests */ = {
			isa = PBXGroup;
			children = (
				4E44AA9B1D756A6F0019B95A /* Digital_JeeviUITests.m */,
				4E44AA9D1D756A6F0019B95A /* Info.plist */,
			);
			path = "Digital JeeviUITests";
			sourceTree = "<group>";
		};
/* End PBXGroup section */

/* Begin PBXNativeTarget section */
		4E44AA6F1D756A6F0019B95A /* Digital Jeevi */ = {
			isa = PBXNativeTarget;
			buildConfigurationList = 4E44AAA01D756A6F0019B95A /* Build configuration list for PBXNativeTarget "Digital Jeevi" */;
			buildPhases = (
				4E44AA6C1D756A6F0019B95A /* Sources */,
				4E44AA6D1D756A6F0019B95A /* Frameworks */,
				4E44AA6E1D756A6F0019B95A /* Resources */,
			);
			buildRules = (
			);
			dependencies = (
			);
			name = "Digital Jeevi";
			productName = "Digital Jeevi";
			productReference = 4E44AA701D756A6F0019B95A /* Digital Jeevi.app */;
			productType = "com.apple.product-type.application";
		};
		4E44AA8B1D756A6F0019B95A /* Digital JeeviTests */ = {
			isa = PBXNativeTarget;
			buildConfigurationList = 4E44AAA31D756A6F0019B95A /* Build configuration list for PBXNativeTarget "Digital JeeviTests" */;
			buildPhases = (
				4E44AA881D756A6F0019B95A /* Sources */,
				4E44AA891D756A6F0019B95A /* Frameworks */,
				4E44AA8A1D756A6F0019B95A /* Resources */,
			);
			buildRules = (
			);
			dependencies = (
				4E44AA8E1D756A6F0019B95A /* PBXTargetDependency */,
			);
			name = "Digital JeeviTests";
			productName = "Digital JeeviTests";
			productReference = 4E44AA8C1D756A6F0019B95A /* Digital JeeviTests.xctest */;
			productType = "com.apple.product-type.bundle.unit-test";
		};
		4E44AA961D756A6F0019B95A /* Digital JeeviUITests */ = {
			isa = PBXNativeTarget;
			buildConfigurationList = 4E44AAA61D756A6F0019B95A /* Build configuration list for PBXNativeTarget "Digital JeeviUITests" */;
			buildPhases = (
				4E44AA931D756A6F0019B95A /* Sources */,
				4E44AA941D756A6F0019B95A /* Frameworks */,
				4E44AA951D756A6F0019B95A /* Resources */,
			);
			buildRules = (
			);
			dependencies = (
				4E44AA991D756A6F0019B95A /* PBXTargetDependency */,
			);
			name = "Digital JeeviUITests";
			productName = "Digital JeeviUITests";
			productReference = 4E44AA971D756A6F0019B95A /* Digital JeeviUITests.xctest */;
			productType = "com.apple.product-type.bundle.ui-testing";
		};
/* End PBXNativeTarget section */

/* Begin PBXProject section */
		4E44AA681D756A6F0019B95A /* Project object */ = {
			isa = PBXProject;
			attributes = {
				LastUpgradeCheck = 0730;
				ORGANIZATIONNAME = DevRabbit;
				TargetAttributes = {
					4E44AA6F1D756A6F0019B95A = {
						CreatedOnToolsVersion = 7.3.1;
					};
					4E44AA8B1D756A6F0019B95A = {
						CreatedOnToolsVersion = 7.3.1;
						TestTargetID = 4E44AA6F1D756A6F0019B95A;
					};
					4E44AA961D756A6F0019B95A = {
						CreatedOnToolsVersion = 7.3.1;
						TestTargetID = 4E44AA6F1D756A6F0019B95A;
					};
				};
			};
			buildConfigurationList = 4E44AA6B1D756A6F0019B95A /* Build configuration list for PBXProject "Digital Jeevi" */;
			compatibilityVersion = "Xcode 3.2";
			developmentRegion = English;
			hasScannedForEncodings = 0;
			knownRegions = (
				en,
				Base,
			);
			mainGroup = 4E44AA671D756A6F0019B95A;
			productRefGroup = 4E44AA711D756A6F0019B95A /* Products */;
			projectDirPath = "";
			projectRoot = "";
			targets = (
				4E44AA6F1D756A6F0019B95A /* Digital Jeevi */,
				4E44AA8B1D756A6F0019B95A /* Digital JeeviTests */,
				4E44AA961D756A6F0019B95A /* Digital JeeviUITests */,
			);
		};
/* End PBXProject section */

/* Begin PBXResourcesBuildPhase section */
		4E44AA6E1D756A6F0019B95A /* Resources */ = {
			isa = PBXResourcesBuildPhase;
			buildActionMask = 2147483647;
			files = (
				4E44AA861D756A6F0019B95A /* LaunchScreen.storyboard in Resources */,
				4E44AA831D756A6F0019B95A /* Assets.xcassets in Resources */,
				4E44AA7E1D756A6F0019B95A /* Main.storyboard in Resources */,
			);
			runOnlyForDeploymentPostprocessing = 0;
		};
		4E44AA8A1D756A6F0019B95A /* Resources */ = {
			isa = PBXResourcesBuildPhase;
			buildActionMask = 2147483647;
			files = (
			);
			runOnlyForDeploymentPostprocessing = 0;
		};
		4E44AA951D756A6F0019B95A /* Resources */ = {
			isa = PBXResourcesBuildPhase;
			buildActionMask = 2147483647;
			files = (
			);
			runOnlyForDeploymentPostprocessing = 0;
		};
/* End PBXResourcesBuildPhase section */

/* Begin PBXSourcesBuildPhase section */
		4E44AA6C1D756A6F0019B95A /* Sources */ = {
			isa = PBXSourcesBuildPhase;
			buildActionMask = 2147483647;
			files = (
				4E44AA7B1D756A6F0019B95A /* ViewController.m in Sources */,
				4E44AA781D756A6F0019B95A /* AppDelegate.m in Sources */,
				4E44AA811D756A6F0019B95A /* Digital_Jeevi.xcdatamodeld in Sources */,
				4E44AA751D756A6F0019B95A /* main.m in Sources */,
			);
			runOnlyForDeploymentPostprocessing = 0;
		};
		4E44AA881D756A6F0019B95A /* Sources */ = {
			isa = PBXSourcesBuildPhase;
			buildActionMask = 2147483647;
			files = (
				4E44AA911D756A6F0019B95A /* Digital_JeeviTests.m in Sources */,
			);
			runOnlyForDeploymentPostprocessing = 0;
		};
		4E44AA931D756A6F0019B95A /* Sources */ = {
			isa = PBXSourcesBuildPhase;
			buildActionMask = 2147483647;
			files = (
				4E44AA9C1D756A6F0019B95A /* Digital_JeeviUITests.m in Sources */,
			);
			runOnlyForDeploymentPostprocessing = 0;
		};
/* End PBXSourcesBuildPhase section */

/* Begin PBXTargetDependency section */
		4E44AA8E1D756A6F0019B95A /* PBXTargetDependency */ = {
			isa = PBXTargetDependency;
			target = 4E44AA6F1D756A6F0019B95A /* Digital Jeevi */;
			targetProxy = 4E44AA8D1D756A6F0019B95A /* PBXContainerItemProxy */;
		};
		4E44AA991D756A6F0019B95A /* PBXTargetDependency */ = {
			isa = PBXTargetDependency;
			target = 4E44AA6F1D756A6F0019B95A /* Digital Jeevi */;
			targetProxy = 4E44AA981D756A6F0019B95A /* PBXContainerItemProxy */;
		};
/* End PBXTargetDependency section */

/* Begin PBXVariantGroup section */
		4E44AA7C1D756A6F0019B95A /* Main.storyboard */ = {
			isa = PBXVariantGroup;
			children = (
				4E44AA7D1D756A6F0019B95A /* Base */,
			);
			name = Main.storyboard;
			sourceTree = "<group>";
		};
		4E44AA841D756A6F0019B95A /* LaunchScreen.storyboard */ = {
			isa = PBXVariantGroup;
			children = (
				4E44AA851D756A6F0019B95A /* Base */,
			);
			name = LaunchScreen.storyboard;
			sourceTree = "<group>";
		};
/* End PBXVariantGroup section */

/* Begin XCBuildConfiguration section */
		4E44AA9E1D756A6F0019B95A /* Debug */ = {
			isa = XCBuildConfiguration;
			buildSettings = {
				ALWAYS_SEARCH_USER_PATHS = NO;
				CLANG_ANALYZER_NONNULL = YES;
				CLANG_CXX_LANGUAGE_STANDARD = "gnu++0x";
				CLANG_CXX_LIBRARY = "libc++";
				CLANG_ENABLE_MODULES = YES;
				CLANG_ENABLE_OBJC_ARC = YES;
				CLANG_WARN_BOOL_CONVERSION = YES;
				CLANG_WARN_CONSTANT_CONVERSION = YES;
				CLANG_WARN_DIRECT_OBJC_ISA_USAGE = YES_ERROR;
				CLANG_WARN_EMPTY_BODY = YES;
				CLANG_WARN_ENUM_CONVERSION = YES;
				CLANG_WARN_INT_CONVERSION = YES;
				CLANG_WARN_OBJC_ROOT_CLASS = YES_ERROR;
				CLANG_WARN_UNREACHABLE_CODE = YES;
				CLANG_WARN__DUPLICATE_METHOD_MATCH = YES;
				"CODE_SIGN_IDENTITY[sdk=iphoneos*]" = "iPhone Developer";
				COPY_PHASE_STRIP = NO;
				DEBUG_INFORMATION_FORMAT = dwarf;
				ENABLE_STRICT_OBJC_MSGSEND = YES;
				ENABLE_TESTABILITY = YES;
				GCC_C_LANGUAGE_STANDARD = gnu99;
				GCC_DYNAMIC_NO_PIC = NO;
				GCC_NO_COMMON_BLOCKS = YES;
				GCC_OPTIMIZATION_LEVEL = 0;
				GCC_PREPROCESSOR_DEFINITIONS = (
					"DEBUG=1",
					"$(inherited)",
				);
				GCC_WARN_64_TO_32_BIT_CONVERSION = YES;
				GCC_WARN_ABOUT_RETURN_TYPE = YES_ERROR;
				GCC_WARN_UNDECLARED_SELECTOR = YES;
				GCC_WARN_UNINITIALIZED_AUTOS = YES_AGGRESSIVE;
				GCC_WARN_UNUSED_FUNCTION = YES;
				GCC_WARN_UNUSED_VARIABLE = YES;
				IPHONEOS_DEPLOYMENT_TARGET = 9.3;
				MTL_ENABLE_DEBUG_INFO = YES;
				ONLY_ACTIVE_ARCH = YES;
				SDKROOT = iphoneos;
				TARGETED_DEVICE_FAMILY = "1,2";
			};
			name = Debug;
		};
		4E44AA9F1D756A6F0019B95A /* Release */ = {
			isa = XCBuildConfiguration;
			buildSettings = {
				ALWAYS_SEARCH_USER_PATHS = NO;
				CLANG_ANALYZER_NONNULL = YES;
				CLANG_CXX_LANGUAGE_STANDARD = "gnu++0x";
				CLANG_CXX_LIBRARY = "libc++";
				CLANG_ENABLE_MODULES = YES;
				CLANG_ENABLE_OBJC_ARC = YES;
				CLANG_WARN_BOOL_CONVERSION = YES;
				CLANG_WARN_CONSTANT_CONVERSION = YES;
				CLANG_WARN_DIRECT_OBJC_ISA_USAGE = YES_ERROR;
				CLANG_WARN_EMPTY_BODY = YES;
				CLANG_WARN_ENUM_CONVERSION = YES;
				CLANG_WARN_INT_CONVERSION = YES;
				CLANG_WARN_OBJC_ROOT_CLASS = YES_ERROR;
				CLANG_WARN_UNREACHABLE_CODE = YES;
				CLANG_WARN__DUPLICATE_METHOD_MATCH = YES;
				"CODE_SIGN_IDENTITY[sdk=iphoneos*]" = "iPhone Developer";
				COPY_PHASE_STRIP = NO;
				DEBUG_INFORMATION_FORMAT = "dwarf-with-dsym";
				ENABLE_NS_ASSERTIONS = NO;
				ENABLE_STRICT_OBJC_MSGSEND = YES;
				GCC_C_LANGUAGE_STANDARD = gnu99;
				GCC_NO_COMMON_BLOCKS = YES;
				GCC_WARN_64_TO_32_BIT_CONVERSION = YES;
				GCC_WARN_ABOUT_RETURN_TYPE = YES_ERROR;
				GCC_WARN_UNDECLARED_SELECTOR = YES;
				GCC_WARN_UNINITIALIZED_AUTOS = YES_AGGRESSIVE;
				GCC_WARN_UNUSED_FUNCTION = YES;
				GCC_WARN_UNUSED_VARIABLE = YES;
				IPHONEOS_DEPLOYMENT_TARGET = 9.3;
				MTL_ENABLE_DEBUG_INFO = NO;
				SDKROOT = iphoneos;
				TARGETED_DEVICE_FAMILY = "1,2";
				VALIDATE_PRODUCT = YES;
			};
			name = Release;
		};
		4E44AAA11D756A6F0019B95A /* Debug */ = {
			isa = XCBuildConfiguration;
			buildSettings = {
				ASSETCATALOG_COMPILER_APPICON_NAME = AppIcon;
				INFOPLIST_FILE = "Digital Jeevi/Info.plist";
				LD_RUNPATH_SEARCH_PATHS = "$(inherited) @executable_path/Frameworks";
				PRODUCT_BUNDLE_IDENTIFIER = "com.devrabbit.Digital-Jeevi";
				PRODUCT_NAME = "$(TARGET_NAME)";
			};
			name = Debug;
		};
		4E44AAA21D756A6F0019B95A /* Release */ = {
			isa = XCBuildConfiguration;
			buildSettings = {
				ASSETCATALOG_COMPILER_APPICON_NAME = AppIcon;
				INFOPLIST_FILE = "Digital Jeevi/Info.plist";
				LD_RUNPATH_SEARCH_PATHS = "$(inherited) @executable_path/Frameworks";
				PRODUCT_BUNDLE_IDENTIFIER = "com.devrabbit.Digital-Jeevi";
				PRODUCT_NAME = "$(TARGET_NAME)";
			};
			name = Release;
		};
		4E44AAA41D756A6F0019B95A /* Debug */ = {
			isa = XCBuildConfiguration;
			buildSettings = {
				BUNDLE_LOADER = "$(TEST_HOST)";
				INFOPLIST_FILE = "Digital JeeviTests/Info.plist";
				LD_RUNPATH_SEARCH_PATHS = "$(inherited) @executable_path/Frameworks @loader_path/Frameworks";
				PRODUCT_BUNDLE_IDENTIFIER = "com.devrabbit.Digital-JeeviTests";
				PRODUCT_NAME = "$(TARGET_NAME)";
				TEST_HOST = "$(BUILT_PRODUCTS_DIR)/Digital Jeevi.app/Digital Jeevi";
			};
			name = Debug;
		};
		4E44AAA51D756A6F0019B95A /* Release */ = {
			isa = XCBuildConfiguration;
			buildSettings = {
				BUNDLE_LOADER = "$(TEST_HOST)";
				INFOPLIST_FILE = "Digital JeeviTests/Info.plist";
				LD_RUNPATH_SEARCH_PATHS = "$(inherited) @executable_path/Frameworks @loader_path/Frameworks";
				PRODUCT_BUNDLE_IDENTIFIER = "com.devrabbit.Digital-JeeviTests";
				PRODUCT_NAME = "$(TARGET_NAME)";
				TEST_HOST = "$(BUILT_PRODUCTS_DIR)/Digital Jeevi.app/Digital Jeevi";
			};
			name = Release;
		};
		4E44AAA71D756A6F0019B95A /* Debug */ = {
			isa = XCBuildConfiguration;
			buildSettings = {
				INFOPLIST_FILE = "Digital JeeviUITests/Info.plist";
				LD_RUNPATH_SEARCH_PATHS = "$(inherited) @executable_path/Frameworks @loader_path/Frameworks";
				PRODUCT_BUNDLE_IDENTIFIER = "com.devrabbit.Digital-JeeviUITests";
				PRODUCT_NAME = "$(TARGET_NAME)";
				TEST_TARGET_NAME = "Digital Jeevi";
			};
			name = Debug;
		};
		4E44AAA81D756A6F0019B95A /* Release */ = {
			isa = XCBuildConfiguration;
			buildSettings = {
				INFOPLIST_FILE = "Digital JeeviUITests/Info.plist";
				LD_RUNPATH_SEARCH_PATHS = "$(inherited) @executable_path/Frameworks @loader_path/Frameworks";
				PRODUCT_BUNDLE_IDENTIFIER = "com.devrabbit.Digital-JeeviUITests";
				PRODUCT_NAME = "$(TARGET_NAME)";
				TEST_TARGET_NAME = "Digital Jeevi";
			};
			name = Release;
		};
/* End XCBuildConfiguration section */

/* Begin XCConfigurationList section */
		4E44AA6B1D756A6F0019B95A /* Build configuration list for PBXProject "Digital Jeevi" */ = {
			isa = XCConfigurationList;
			buildConfigurations = (
				4E44AA9E1D756A6F0019B95A /* Debug */,
				4E44AA9F1D756A6F0019B95A /* Release */,
			);
			defaultConfigurationIsVisible = 0;
			defaultConfigurationName = Release;
		};
		4E44AAA01D756A6F0019B95A /* Build configuration list for PBXNativeTarget "Digital Jeevi" */ = {
			isa = XCConfigurationList;
			buildConfigurations = (
				4E44AAA11D756A6F0019B95A /* Debug */,
				4E44AAA21D756A6F0019B95A /* Release */,
			);
			defaultConfigurationIsVisible = 0;
		};
		4E44AAA31D756A6F0019B95A /* Build configuration list for PBXNativeTarget "Digital JeeviTests" */ = {
			isa = XCConfigurationList;
			buildConfigurations = (
				4E44AAA41D756A6F0019B95A /* Debug */,
				4E44AAA51D756A6F0019B95A /* Release */,
			);
			defaultConfigurationIsVisible = 0;
		};
		4E44AAA61D756A6F0019B95A /* Build configuration list for PBXNativeTarget "Digital JeeviUITests" */ = {
			isa = XCConfigurationList;
			buildConfigurations = (
				4E44AAA71D756A6F0019B95A /* Debug */,
				4E44AAA81D756A6F0019B95A /* Release */,
			);
			defaultConfigurationIsVisible = 0;
		};
/* End XCConfigurationList section */

/* Begin XCVersionGroup section */
		4E44AA7F1D756A6F0019B95A /* Digital_Jeevi.xcdatamodeld */ = {
			isa = XCVersionGroup;
			children = (
				4E44AA801D756A6F0019B95A /* Digital_Jeevi.xcdatamodel */,
			);
			currentVersion = 4E44AA801D756A6F0019B95A /* Digital_Jeevi.xcdatamodel */;
			path = Digital_Jeevi.xcdatamodeld;
			sourceTree = "<group>";
			versionGroupType = wrapper.xcdatamodel;
		};
/* End XCVersionGroup section */
	};
	rootObject = 4E44AA681D756A6F0019B95A /* Project object */;
}
